PODS:
  - KeychainAccess (3.1.0)
  - SwiftLint (0.24.0)

DEPENDENCIES:
  - KeychainAccess
  - SwiftLint

SPEC CHECKSUMS:
  KeychainAccess: 94c5540b32eabf7bc32bfb976a268e8ea05fd6da
  SwiftLint: a014c92b4664e8b13f380f8640a51bb1733778ba

PODFILE CHECKSUM: ed4b28e5ef9f71791c14fc662e9d04f5385c7ccf

COCOAPODS: 1.3.1
